Microsoft Visual Studio Solution File, Format Version 12.00
# Visual Studio Version 16
VisualStudioVersion = 16.0.29403.142
MinimumVisualStudioVersion = 10.0.40219.1
Project("{2150E333-8FDC-42A3-9474-1A3956D46DE8}") = "Controllers", "Controllers", "{C747C622-A756-44EB-A2A4-2065AB682F04}"
EndProject
Project("{FAE04EC0-301F-11D3-BF4B-00C04F79EFBC}") = "LayoutTools", "LayoutTools\LayoutTools.csproj", "{11CDBBF4-F29B-4053-9E1A-9137FDC074F8}"
EndProject
Project("{FAE04EC0-301F-11D3-BF4B-00C04F79EFBC}") = "LayoutLogic", "LayoutLogic\LayoutLogic.csproj", "{0C05CFA4-AEB1-4798-9236-6BFB75D299C5}"
EndProject
Project("{FAE04EC0-301F-11D3-BF4B-00C04F79EFBC}") = "LayoutBaseServices", "LayoutBaseServices\LayoutBaseServices.csproj", "{D861E89E-9BB2-4080-AA3F-A26EC8ACEF16}"
EndProject
Project("{FAE04EC0-301F-11D3-BF4B-00C04F79EFBC}") = "LayoutCommands", "LayoutCommands\LayoutCommands.csproj", "{5FABCFA6-6359-4126-865A-24119F0E3871}"
EndProject
Project("{FAE04EC0-301F-11D3-BF4B-00C04F79EFBC}") = "LayoutEventDebugger", "LayoutEventDebugger\LayoutEventDebugger.csproj", "{0283B12D-8E1E-4705-8494-73415B4527DE}"
EndProject
Project("{FAE04EC0-301F-11D3-BF4B-00C04F79EFBC}") = "LGBMTS", "LayoutLGB\LGBMTS.csproj", "{F78053BD-5824-4E52-9FF9-7E8E41517418}"
EndProject
Project("{FAE04EC0-301F-11D3-BF4B-00C04F79EFBC}") = "LayoutManager", "LayoutManager\LayoutManager.csproj", "{221D7C82-7BBA-4D39-80FD-39A018FEC162}"
	ProjectSection(ProjectDependencies) = postProject
		{937E560F-1E01-4FFC-A56E-6EDD17B137E7} = {937E560F-1E01-4FFC-A56E-6EDD17B137E7}
		{0283B12D-8E1E-4705-8494-73415B4527DE} = {0283B12D-8E1E-4705-8494-73415B4527DE}
		{140AA72E-2734-4623-9797-9DC014ACE68E} = {140AA72E-2734-4623-9797-9DC014ACE68E}
		{D1B5FF47-8D71-4119-8B25-FFC6DF7310CA} = {D1B5FF47-8D71-4119-8B25-FFC6DF7310CA}
		{29915370-7BD5-41B1-A4CD-3D3C0A9BAE6F} = {29915370-7BD5-41B1-A4CD-3D3C0A9BAE6F}
		{8666FE95-AD11-476D-A44F-A233C4B0631E} = {8666FE95-AD11-476D-A44F-A233C4B0631E}
		{D8B1BEA4-8A37-4052-8D39-2531269C0A2F} = {D8B1BEA4-8A37-4052-8D39-2531269C0A2F}
		{F78053BD-5824-4E52-9FF9-7E8E41517418} = {F78053BD-5824-4E52-9FF9-7E8E41517418}
		{FD5529DD-21BE-4FC1-8D99-9D5850AC952A} = {FD5529DD-21BE-4FC1-8D99-9D5850AC952A}
	EndProjectSection
EndProject
Project("{FAE04EC0-301F-11D3-BF4B-00C04F79EFBC}") = "LayoutManagerModel", "LayoutManagerModel\LayoutManagerModel.csproj", "{BD926873-4803-4036-868A-9EA11A1AE227}"
EndProject
Project("{FAE04EC0-301F-11D3-BF4B-00C04F79EFBC}") = "LayoutManagerView", "LayoutManagerView\LayoutManagerView.csproj", "{857F7A5E-7B92-4722-BEBF-C3598293627D}"
EndProject
Project("{FAE04EC0-301F-11D3-BF4B-00C04F79EFBC}") = "LayoutCommonUI", "LayoutCommonUI\LayoutCommonUI.csproj", "{C314F674-90C0-4216-901E-3F411C3F3406}"
EndProject
Project("{FAE04EC0-301F-11D3-BF4B-00C04F79EFBC}") = "MarklinDigital", "MarklinDigital\MarklinDigital.csproj", "{D8B1BEA4-8A37-4052-8D39-2531269C0A2F}"
EndProject
Project("{FAE04EC0-301F-11D3-BF4B-00C04F79EFBC}") = "LayoutEmulation", "LayoutEmulation\LayoutEmulation.csproj", "{140AA72E-2734-4623-9797-9DC014ACE68E}"
EndProject
Project("{FAE04EC0-301F-11D3-BF4B-00C04F79EFBC}") = "Intellibox", "Intellibox\Intellibox.csproj", "{8666FE95-AD11-476D-A44F-A233C4B0631E}"
EndProject
Project("{FAE04EC0-301F-11D3-BF4B-00C04F79EFBC}") = "DiMAX", "DiMAX\DiMAX.csproj", "{D1B5FF47-8D71-4119-8B25-FFC6DF7310CA}"
EndProject
Project("{FAE04EC0-301F-11D3-BF4B-00C04F79EFBC}") = "LayoutControlComponents", "LayoutControlComponents\LayoutControlComponents.csproj", "{D9FAA62D-675B-49D9-B5E2-D99C0A62AEC6}"
EndProject
Project("{FAE04EC0-301F-11D3-BF4B-00C04F79EFBC}") = "WizardControl", "Wizard\WizardControl.csproj", "{93023B51-CA12-42A4-89CB-E031CC913D3B}"
EndProject
Project("{FAE04EC0-301F-11D3-BF4B-00C04F79EFBC}") = "WizardDesigner", "WizardDesigner\WizardDesigner.csproj", "{053B5828-427D-45F4-B4DE-25FEF6665EF5}"
EndProject
Project("{FAE04EC0-301F-11D3-BF4B-00C04F79EFBC}") = "NCDRelayController", "NCDRelayController\NCDRelayController.csproj", "{FD5529DD-21BE-4FC1-8D99-9D5850AC952A}"
EndProject
Project("{FAE04EC0-301F-11D3-BF4B-00C04F79EFBC}") = "Numato", "Numato\Numato.csproj", "{937E560F-1E01-4FFC-A56E-6EDD17B137E7}"
EndProject
Project("{FAE04EC0-301F-11D3-BF4B-00C04F79EFBC}") = "TrainDetector", "TrainDetector\TrainDetector.csproj", "{29915370-7BD5-41B1-A4CD-3D3C0A9BAE6F}"
EndProject
Global
	GlobalSection(SolutionConfigurationPlatforms) = preSolution
		Debug|Any CPU = Debug|Any CPU
		Release|Any CPU = Release|Any CPU
	EndGlobalSection
	GlobalSection(ProjectConfigurationPlatforms) = postSolution
		{11CDBBF4-F29B-4053-9E1A-9137FDC074F8}.Debug|Any CPU.ActiveCfg = Debug|Any CPU
		{11CDBBF4-F29B-4053-9E1A-9137FDC074F8}.Debug|Any CPU.Build.0 = Debug|Any CPU
		{11CDBBF4-F29B-4053-9E1A-9137FDC074F8}.Release|Any CPU.ActiveCfg = Release|Any CPU
		{11CDBBF4-F29B-4053-9E1A-9137FDC074F8}.Release|Any CPU.Build.0 = Release|Any CPU
		{0C05CFA4-AEB1-4798-9236-6BFB75D299C5}.Debug|Any CPU.ActiveCfg = Debug|Any CPU
		{0C05CFA4-AEB1-4798-9236-6BFB75D299C5}.Debug|Any CPU.Build.0 = Debug|Any CPU
		{0C05CFA4-AEB1-4798-9236-6BFB75D299C5}.Release|Any CPU.ActiveCfg = Release|Any CPU
		{0C05CFA4-AEB1-4798-9236-6BFB75D299C5}.Release|Any CPU.Build.0 = Release|Any CPU
		{D861E89E-9BB2-4080-AA3F-A26EC8ACEF16}.Debug|Any CPU.ActiveCfg = Debug|Any CPU
		{D861E89E-9BB2-4080-AA3F-A26EC8ACEF16}.Debug|Any CPU.Build.0 = Debug|Any CPU
		{D861E89E-9BB2-4080-AA3F-A26EC8ACEF16}.Release|Any CPU.ActiveCfg = Release|Any CPU
		{D861E89E-9BB2-4080-AA3F-A26EC8ACEF16}.Release|Any CPU.Build.0 = Release|Any CPU
		{5FABCFA6-6359-4126-865A-24119F0E3871}.Debug|Any CPU.ActiveCfg = Debug|Any CPU
		{5FABCFA6-6359-4126-865A-24119F0E3871}.Debug|Any CPU.Build.0 = Debug|Any CPU
		{5FABCFA6-6359-4126-865A-24119F0E3871}.Release|Any CPU.ActiveCfg = Release|Any CPU
		{5FABCFA6-6359-4126-865A-24119F0E3871}.Release|Any CPU.Build.0 = Release|Any CPU
		{0283B12D-8E1E-4705-8494-73415B4527DE}.Debug|Any CPU.ActiveCfg = Debug|Any CPU
		{0283B12D-8E1E-4705-8494-73415B4527DE}.Debug|Any CPU.Build.0 = Debug|Any CPU
		{0283B12D-8E1E-4705-8494-73415B4527DE}.Release|Any CPU.ActiveCfg = Release|Any CPU
		{0283B12D-8E1E-4705-8494-73415B4527DE}.Release|Any CPU.Build.0 = Release|Any CPU
		{F78053BD-5824-4E52-9FF9-7E8E41517418}.Debug|Any CPU.ActiveCfg = Debug|Any CPU
		{F78053BD-5824-4E52-9FF9-7E8E41517418}.Debug|Any CPU.Build.0 = Debug|Any CPU
		{F78053BD-5824-4E52-9FF9-7E8E41517418}.Release|Any CPU.ActiveCfg = Release|Any CPU
		{F78053BD-5824-4E52-9FF9-7E8E41517418}.Release|Any CPU.Build.0 = Release|Any CPU
		{221D7C82-7BBA-4D39-80FD-39A018FEC162}.Debug|Any CPU.ActiveCfg = Debug|Any CPU
		{221D7C82-7BBA-4D39-80FD-39A018FEC162}.Debug|Any CPU.Build.0 = Debug|Any CPU
		{221D7C82-7BBA-4D39-80FD-39A018FEC162}.Release|Any CPU.ActiveCfg = Release|Any CPU
		{221D7C82-7BBA-4D39-80FD-39A018FEC162}.Release|Any CPU.Build.0 = Release|Any CPU
		{BD926873-4803-4036-868A-9EA11A1AE227}.Debug|Any CPU.ActiveCfg = Debug|Any CPU
		{BD926873-4803-4036-868A-9EA11A1AE227}.Debug|Any CPU.Build.0 = Debug|Any CPU
		{BD926873-4803-4036-868A-9EA11A1AE227}.Release|Any CPU.ActiveCfg = Release|Any CPU
		{BD926873-4803-4036-868A-9EA11A1AE227}.Release|Any CPU.Build.0 = Release|Any CPU
		{857F7A5E-7B92-4722-BEBF-C3598293627D}.Debug|Any CPU.ActiveCfg = Debug|Any CPU
		{857F7A5E-7B92-4722-BEBF-C3598293627D}.Debug|Any CPU.Build.0 = Debug|Any CPU
		{857F7A5E-7B92-4722-BEBF-C3598293627D}.Release|Any CPU.ActiveCfg = Release|Any CPU
		{857F7A5E-7B92-4722-BEBF-C3598293627D}.Release|Any CPU.Build.0 = Release|Any CPU
		{C314F674-90C0-4216-901E-3F411C3F3406}.Debug|Any CPU.ActiveCfg = Debug|Any CPU
		{C314F674-90C0-4216-901E-3F411C3F3406}.Debug|Any CPU.Build.0 = Debug|Any CPU
		{C314F674-90C0-4216-901E-3F411C3F3406}.Release|Any CPU.ActiveCfg = Release|Any CPU
		{C314F674-90C0-4216-901E-3F411C3F3406}.Release|Any CPU.Build.0 = Release|Any CPU
		{D8B1BEA4-8A37-4052-8D39-2531269C0A2F}.Debug|Any CPU.ActiveCfg = Debug|Any CPU
		{D8B1BEA4-8A37-4052-8D39-2531269C0A2F}.Debug|Any CPU.Build.0 = Debug|Any CPU
		{D8B1BEA4-8A37-4052-8D39-2531269C0A2F}.Release|Any CPU.ActiveCfg = Release|Any CPU
		{D8B1BEA4-8A37-4052-8D39-2531269C0A2F}.Release|Any CPU.Build.0 = Release|Any CPU
		{140AA72E-2734-4623-9797-9DC014ACE68E}.Debug|Any CPU.ActiveCfg = Debug|Any CPU
		{140AA72E-2734-4623-9797-9DC014ACE68E}.Debug|Any CPU.Build.0 = Debug|Any CPU
		{140AA72E-2734-4623-9797-9DC014ACE68E}.Release|Any CPU.ActiveCfg = Release|Any CPU
		{140AA72E-2734-4623-9797-9DC014ACE68E}.Release|Any CPU.Build.0 = Release|Any CPU
		{8666FE95-AD11-476D-A44F-A233C4B0631E}.Debug|Any CPU.ActiveCfg = Debug|Any CPU
		{8666FE95-AD11-476D-A44F-A233C4B0631E}.Debug|Any CPU.Build.0 = Debug|Any CPU
		{8666FE95-AD11-476D-A44F-A233C4B0631E}.Release|Any CPU.ActiveCfg = Release|Any CPU
		{8666FE95-AD11-476D-A44F-A233C4B0631E}.Release|Any CPU.Build.0 = Release|Any CPU
		{D1B5FF47-8D71-4119-8B25-FFC6DF7310CA}.Debug|Any CPU.ActiveCfg = Debug|Any CPU
		{D1B5FF47-8D71-4119-8B25-FFC6DF7310CA}.Debug|Any CPU.Build.0 = Debug|Any CPU
		{D1B5FF47-8D71-4119-8B25-FFC6DF7310CA}.Release|Any CPU.ActiveCfg = Release|Any CPU
		{D1B5FF47-8D71-4119-8B25-FFC6DF7310CA}.Release|Any CPU.Build.0 = Release|Any CPU
		{D9FAA62D-675B-49D9-B5E2-D99C0A62AEC6}.Debug|Any CPU.ActiveCfg = Debug|Any CPU
		{D9FAA62D-675B-49D9-B5E2-D99C0A62AEC6}.Debug|Any CPU.Build.0 = Debug|Any CPU
		{D9FAA62D-675B-49D9-B5E2-D99C0A62AEC6}.Release|Any CPU.ActiveCfg = Release|Any CPU
		{D9FAA62D-675B-49D9-B5E2-D99C0A62AEC6}.Release|Any CPU.Build.0 = Release|Any CPU
		{93023B51-CA12-42A4-89CB-E031CC913D3B}.Debug|Any CPU.ActiveCfg = Debug|Any CPU
		{93023B51-CA12-42A4-89CB-E031CC913D3B}.Debug|Any CPU.Build.0 = Debug|Any CPU
		{93023B51-CA12-42A4-89CB-E031CC913D3B}.Release|Any CPU.ActiveCfg = Release|Any CPU
		{93023B51-CA12-42A4-89CB-E031CC913D3B}.Release|Any CPU.Build.0 = Release|Any CPU
		{053B5828-427D-45F4-B4DE-25FEF6665EF5}.Debug|Any CPU.ActiveCfg = Debug|Any CPU
		{053B5828-427D-45F4-B4DE-25FEF6665EF5}.Debug|Any CPU.Build.0 = Debug|Any CPU
		{053B5828-427D-45F4-B4DE-25FEF6665EF5}.Release|Any CPU.ActiveCfg = Release|Any CPU
		{053B5828-427D-45F4-B4DE-25FEF6665EF5}.Release|Any CPU.Build.0 = Release|Any CPU
		{FD5529DD-21BE-4FC1-8D99-9D5850AC952A}.Debug|Any CPU.ActiveCfg = Debug|Any CPU
		{FD5529DD-21BE-4FC1-8D99-9D5850AC952A}.Debug|Any CPU.Build.0 = Debug|Any CPU
		{FD5529DD-21BE-4FC1-8D99-9D5850AC952A}.Release|Any CPU.ActiveCfg = Release|Any CPU
		{FD5529DD-21BE-4FC1-8D99-9D5850AC952A}.Release|Any CPU.Build.0 = Release|Any CPU
		{937E560F-1E01-4FFC-A56E-6EDD17B137E7}.Debug|Any CPU.ActiveCfg = Debug|Any CPU
		{937E560F-1E01-4FFC-A56E-6EDD17B137E7}.Debug|Any CPU.Build.0 = Debug|Any CPU
		{937E560F-1E01-4FFC-A56E-6EDD17B137E7}.Release|Any CPU.ActiveCfg = Release|Any CPU
		{937E560F-1E01-4FFC-A56E-6EDD17B137E7}.Release|Any CPU.Build.0 = Release|Any CPU
		{29915370-7BD5-41B1-A4CD-3D3C0A9BAE6F}.Debug|Any CPU.ActiveCfg = Debug|Any CPU
		{29915370-7BD5-41B1-A4CD-3D3C0A9BAE6F}.Debug|Any CPU.Build.0 = Debug|Any CPU
		{29915370-7BD5-41B1-A4CD-3D3C0A9BAE6F}.Release|Any CPU.ActiveCfg = Release|Any CPU
		{29915370-7BD5-41B1-A4CD-3D3C0A9BAE6F}.Release|Any CPU.Build.0 = Release|Any CPU
	EndGlobalSection
	GlobalSection(SolutionProperties) = preSolution
		HideSolutionNode = FALSE
	EndGlobalSection
	GlobalSection(NestedProjects) = preSolution
		{F78053BD-5824-4E52-9FF9-7E8E41517418} = {C747C622-A756-44EB-A2A4-2065AB682F04}
		{D8B1BEA4-8A37-4052-8D39-2531269C0A2F} = {C747C622-A756-44EB-A2A4-2065AB682F04}
		{8666FE95-AD11-476D-A44F-A233C4B0631E} = {C747C622-A756-44EB-A2A4-2065AB682F04}
		{D1B5FF47-8D71-4119-8B25-FFC6DF7310CA} = {C747C622-A756-44EB-A2A4-2065AB682F04}
		{FD5529DD-21BE-4FC1-8D99-9D5850AC952A} = {C747C622-A756-44EB-A2A4-2065AB682F04}
		{937E560F-1E01-4FFC-A56E-6EDD17B137E7} = {C747C622-A756-44EB-A2A4-2065AB682F04}
		{29915370-7BD5-41B1-A4CD-3D3C0A9BAE6F} = {C747C622-A756-44EB-A2A4-2065AB682F04}
	EndGlobalSection
	GlobalSection(ExtensibilityGlobals) = postSolution
		SolutionGuid = {D4B77389-2A5D-4AD6-A398-1EC2F75F6F4B}
	EndGlobalSection
EndGlobal
